
Microsoft Visual Studio Solution File, Format Version 12.00
# Visual Studio 15
VisualStudioVersion = 15.0.28307.329
MinimumVisualStudioVersion = 10.0.40219.1
Project("{FAE04EC0-301F-11D3-BF4B-00C04F79EFBC}") = "Shijomi", "Nagashiro\Shijomi.csproj", "{E741354F-1412-4538-8D83-2DD825E7EC26}"
EndProject
Project("{FAE04EC0-301F-11D3-BF4B-00C04F79EFBC}") = "UnitTestahorro", "UnitTestahorro\UnitTestahorro.csproj", "{83BC3D19-4DFA-4C25-AC4D-72C1DF46277B}"
EndProject
Project("{FAE04EC0-301F-11D3-BF4B-00C04F79EFBC}") = "UnitTestProject1", "UnitTestProject1\UnitTestProject1.csproj", "{CD730F69-7C73-4EE8-8CDE-1CCAB6388939}"
EndProject
Global
	GlobalSection(SolutionConfigurationPlatforms) = preSolution
		Debug|Any CPU = Debug|Any CPU
		Release|Any CPU = Release|Any CPU
	EndGlobalSection
	GlobalSection(ProjectConfigurationPlatforms) = postSolution
		{E741354F-1412-4538-8D83-2DD825E7EC26}.Debug|Any CPU.ActiveCfg = Debug|Any CPU
		{E741354F-1412-4538-8D83-2DD825E7EC26}.Debug|Any CPU.Build.0 = Debug|Any CPU
		{E741354F-1412-4538-8D83-2DD825E7EC26}.Release|Any CPU.ActiveCfg = Release|Any CPU
		{E741354F-1412-4538-8D83-2DD825E7EC26}.Release|Any CPU.Build.0 = Release|Any CPU
		{83BC3D19-4DFA-4C25-AC4D-72C1DF46277B}.Debug|Any CPU.ActiveCfg = Debug|Any CPU
		{83BC3D19-4DFA-4C25-AC4D-72C1DF46277B}.Debug|Any CPU.Build.0 = Debug|Any CPU
		{83BC3D19-4DFA-4C25-AC4D-72C1DF46277B}.Release|Any CPU.ActiveCfg = Release|Any CPU
		{83BC3D19-4DFA-4C25-AC4D-72C1DF46277B}.Release|Any CPU.Build.0 = Release|Any CPU
		{CD730F69-7C73-4EE8-8CDE-1CCAB6388939}.Debug|Any CPU.ActiveCfg = Debug|Any CPU
		{CD730F69-7C73-4EE8-8CDE-1CCAB6388939}.Debug|Any CPU.Build.0 = Debug|Any CPU
		{CD730F69-7C73-4EE8-8CDE-1CCAB6388939}.Release|Any CPU.ActiveCfg = Release|Any CPU
		{CD730F69-7C73-4EE8-8CDE-1CCAB6388939}.Release|Any CPU.Build.0 = Release|Any CPU
	EndGlobalSection
	GlobalSection(SolutionProperties) = preSolution
		HideSolutionNode = FALSE
	EndGlobalSection
	GlobalSection(ExtensibilityGlobals) = postSolution
		SolutionGuid = {0CB554C8-63BD-4068-A69B-4FFB8249B4E5}
	EndGlobalSection
EndGlobal
